
Microsoft Visual Studio Solution File, Format Version 12.00
# Visual Studio Version 17
VisualStudioVersion = 17.0.31903.59
MinimumVisualStudioVersion = 10.0.40219.1
Project("{2150E333-8FDC-42A3-9474-1A3956D46DE8}") = "src", "src", "{827E0CD3-B72D-47B6-A68D-7590B98EB39B}"
EndProject
Project("{F2A71F9B-5D33-465A-A702-920D77279786}") = "BNFSharp.Parsing", "src\BNFSharp.Parsing\BNFSharp.Parsing.fsproj", "{017F9789-1E11-40C0-B377-84E895E4F2DD}"
EndProject
Project("{F2A71F9B-5D33-465A-A702-920D77279786}") = "BNFSharp.Symbols", "src\BNFSharp.Symbols\BNFSharp.Symbols.fsproj", "{591351CB-AC4B-42D7-8509-633D11B8BE90}"
EndProject
Project("{F2A71F9B-5D33-465A-A702-920D77279786}") = "BNFSharp.TypeGeneration", "src\BNFSharp.TypeGeneration\BNFSharp.TypeGeneration.fsproj", "{F1943198-C6DA-4892-AF4E-EDC2CA434DB2}"
EndProject
Project("{2150E333-8FDC-42A3-9474-1A3956D46DE8}") = "test", "test", "{0C88DD14-F956-CE84-757C-A364CCF449FC}"
EndProject
Project("{F2A71F9B-5D33-465A-A702-920D77279786}") = "BNFSharp.Parsing.Tests", "test\BNFSharp.Parsing.Tests\BNFSharp.Parsing.Tests.fsproj", "{AF580AEB-2DDD-4D42-A41B-4B2D6D40B268}"
EndProject
Project("{F2A71F9B-5D33-465A-A702-920D77279786}") = "BNFSharp.Symbols.Tests", "test\BNFSharp.Symbols.Tests\BNFSharp.Symbols.Tests.fsproj", "{09FB88BD-E81A-4C28-9D28-EABAA0A6C227}"
EndProject
Project("{F2A71F9B-5D33-465A-A702-920D77279786}") = "BNFSharp.TypeGeneration.Tests", "test\BNFSharp.TypeGeneration.Tests\BNFSharp.TypeGeneration.Tests.fsproj", "{BE0B39DC-329B-4678-9A58-485A3231ADBD}"
EndProject
Project("{F2A71F9B-5D33-465A-A702-920D77279786}") = "BNFSharp.Grammar", "src\BNFSharp.Grammar\BNFSharp.Grammar.fsproj", "{F4065B46-ECD6-485F-B9A3-BD5DFEE46527}"
EndProject
Project("{F2A71F9B-5D33-465A-A702-920D77279786}") = "Common", "src\Common\Common.fsproj", "{C8F918E6-C8CB-4958-91F4-5D45C948EADD}"
EndProject
Project("{F2A71F9B-5D33-465A-A702-920D77279786}") = "BNFSharp.Grammar.Tests", "test\BNFSharp.Grammar.Tests\BNFSharp.Grammar.Tests.fsproj", "{DE77ADB5-8B0B-41B8-A880-BAC06893BBD2}"
EndProject
Global
	GlobalSection(SolutionConfigurationPlatforms) = preSolution
		Debug|Any CPU = Debug|Any CPU
		Debug|x64 = Debug|x64
		Debug|x86 = Debug|x86
		Release|Any CPU = Release|Any CPU
		Release|x64 = Release|x64
		Release|x86 = Release|x86
	EndGlobalSection
	GlobalSection(ProjectConfigurationPlatforms) = postSolution
		{017F9789-1E11-40C0-B377-84E895E4F2DD}.Debug|Any CPU.ActiveCfg = Debug|Any CPU
		{017F9789-1E11-40C0-B377-84E895E4F2DD}.Debug|Any CPU.Build.0 = Debug|Any CPU
		{017F9789-1E11-40C0-B377-84E895E4F2DD}.Debug|x64.ActiveCfg = Debug|Any CPU
		{017F9789-1E11-40C0-B377-84E895E4F2DD}.Debug|x64.Build.0 = Debug|Any CPU
		{017F9789-1E11-40C0-B377-84E895E4F2DD}.Debug|x86.ActiveCfg = Debug|Any CPU
		{017F9789-1E11-40C0-B377-84E895E4F2DD}.Debug|x86.Build.0 = Debug|Any CPU
		{017F9789-1E11-40C0-B377-84E895E4F2DD}.Release|Any CPU.ActiveCfg = Release|Any CPU
		{017F9789-1E11-40C0-B377-84E895E4F2DD}.Release|Any CPU.Build.0 = Release|Any CPU
		{017F9789-1E11-40C0-B377-84E895E4F2DD}.Release|x64.ActiveCfg = Release|Any CPU
		{017F9789-1E11-40C0-B377-84E895E4F2DD}.Release|x64.Build.0 = Release|Any CPU
		{017F9789-1E11-40C0-B377-84E895E4F2DD}.Release|x86.ActiveCfg = Release|Any CPU
		{017F9789-1E11-40C0-B377-84E895E4F2DD}.Release|x86.Build.0 = Release|Any CPU
		{591351CB-AC4B-42D7-8509-633D11B8BE90}.Debug|Any CPU.ActiveCfg = Debug|Any CPU
		{591351CB-AC4B-42D7-8509-633D11B8BE90}.Debug|Any CPU.Build.0 = Debug|Any CPU
		{591351CB-AC4B-42D7-8509-633D11B8BE90}.Debug|x64.ActiveCfg = Debug|Any CPU
		{591351CB-AC4B-42D7-8509-633D11B8BE90}.Debug|x64.Build.0 = Debug|Any CPU
		{591351CB-AC4B-42D7-8509-633D11B8BE90}.Debug|x86.ActiveCfg = Debug|Any CPU
		{591351CB-AC4B-42D7-8509-633D11B8BE90}.Debug|x86.Build.0 = Debug|Any CPU
		{591351CB-AC4B-42D7-8509-633D11B8BE90}.Release|Any CPU.ActiveCfg = Release|Any CPU
		{591351CB-AC4B-42D7-8509-633D11B8BE90}.Release|Any CPU.Build.0 = Release|Any CPU
		{591351CB-AC4B-42D7-8509-633D11B8BE90}.Release|x64.ActiveCfg = Release|Any CPU
		{591351CB-AC4B-42D7-8509-633D11B8BE90}.Release|x64.Build.0 = Release|Any CPU
		{591351CB-AC4B-42D7-8509-633D11B8BE90}.Release|x86.ActiveCfg = Release|Any CPU
		{591351CB-AC4B-42D7-8509-633D11B8BE90}.Release|x86.Build.0 = Release|Any CPU
		{F1943198-C6DA-4892-AF4E-EDC2CA434DB2}.Debug|Any CPU.ActiveCfg = Debug|Any CPU
		{F1943198-C6DA-4892-AF4E-EDC2CA434DB2}.Debug|Any CPU.Build.0 = Debug|Any CPU
		{F1943198-C6DA-4892-AF4E-EDC2CA434DB2}.Debug|x64.ActiveCfg = Debug|Any CPU
		{F1943198-C6DA-4892-AF4E-EDC2CA434DB2}.Debug|x64.Build.0 = Debug|Any CPU
		{F1943198-C6DA-4892-AF4E-EDC2CA434DB2}.Debug|x86.ActiveCfg = Debug|Any CPU
		{F1943198-C6DA-4892-AF4E-EDC2CA434DB2}.Debug|x86.Build.0 = Debug|Any CPU
		{F1943198-C6DA-4892-AF4E-EDC2CA434DB2}.Release|Any CPU.ActiveCfg = Release|Any CPU
		{F1943198-C6DA-4892-AF4E-EDC2CA434DB2}.Release|Any CPU.Build.0 = Release|Any CPU
		{F1943198-C6DA-4892-AF4E-EDC2CA434DB2}.Release|x64.ActiveCfg = Release|Any CPU
		{F1943198-C6DA-4892-AF4E-EDC2CA434DB2}.Release|x64.Build.0 = Release|Any CPU
		{F1943198-C6DA-4892-AF4E-EDC2CA434DB2}.Release|x86.ActiveCfg = Release|Any CPU
		{F1943198-C6DA-4892-AF4E-EDC2CA434DB2}.Release|x86.Build.0 = Release|Any CPU
		{AF580AEB-2DDD-4D42-A41B-4B2D6D40B268}.Debug|Any CPU.ActiveCfg = Debug|Any CPU
		{AF580AEB-2DDD-4D42-A41B-4B2D6D40B268}.Debug|Any CPU.Build.0 = Debug|Any CPU
		{AF580AEB-2DDD-4D42-A41B-4B2D6D40B268}.Debug|x64.ActiveCfg = Debug|Any CPU
		{AF580AEB-2DDD-4D42-A41B-4B2D6D40B268}.Debug|x64.Build.0 = Debug|Any CPU
		{AF580AEB-2DDD-4D42-A41B-4B2D6D40B268}.Debug|x86.ActiveCfg = Debug|Any CPU
		{AF580AEB-2DDD-4D42-A41B-4B2D6D40B268}.Debug|x86.Build.0 = Debug|Any CPU
		{AF580AEB-2DDD-4D42-A41B-4B2D6D40B268}.Release|Any CPU.ActiveCfg = Release|Any CPU
		{AF580AEB-2DDD-4D42-A41B-4B2D6D40B268}.Release|Any CPU.Build.0 = Release|Any CPU
		{AF580AEB-2DDD-4D42-A41B-4B2D6D40B268}.Release|x64.ActiveCfg = Release|Any CPU
		{AF580AEB-2DDD-4D42-A41B-4B2D6D40B268}.Release|x64.Build.0 = Release|Any CPU
		{AF580AEB-2DDD-4D42-A41B-4B2D6D40B268}.Release|x86.ActiveCfg = Release|Any CPU
		{AF580AEB-2DDD-4D42-A41B-4B2D6D40B268}.Release|x86.Build.0 = Release|Any CPU
		{09FB88BD-E81A-4C28-9D28-EABAA0A6C227}.Debug|Any CPU.ActiveCfg = Debug|Any CPU
		{09FB88BD-E81A-4C28-9D28-EABAA0A6C227}.Debug|Any CPU.Build.0 = Debug|Any CPU
		{09FB88BD-E81A-4C28-9D28-EABAA0A6C227}.Debug|x64.ActiveCfg = Debug|Any CPU
		{09FB88BD-E81A-4C28-9D28-EABAA0A6C227}.Debug|x64.Build.0 = Debug|Any CPU
		{09FB88BD-E81A-4C28-9D28-EABAA0A6C227}.Debug|x86.ActiveCfg = Debug|Any CPU
		{09FB88BD-E81A-4C28-9D28-EABAA0A6C227}.Debug|x86.Build.0 = Debug|Any CPU
		{09FB88BD-E81A-4C28-9D28-EABAA0A6C227}.Release|Any CPU.ActiveCfg = Release|Any CPU
		{09FB88BD-E81A-4C28-9D28-EABAA0A6C227}.Release|Any CPU.Build.0 = Release|Any CPU
		{09FB88BD-E81A-4C28-9D28-EABAA0A6C227}.Release|x64.ActiveCfg = Release|Any CPU
		{09FB88BD-E81A-4C28-9D28-EABAA0A6C227}.Release|x64.Build.0 = Release|Any CPU
		{09FB88BD-E81A-4C28-9D28-EABAA0A6C227}.Release|x86.ActiveCfg = Release|Any CPU
		{09FB88BD-E81A-4C28-9D28-EABAA0A6C227}.Release|x86.Build.0 = Release|Any CPU
		{BE0B39DC-329B-4678-9A58-485A3231ADBD}.Debug|Any CPU.ActiveCfg = Debug|Any CPU
		{BE0B39DC-329B-4678-9A58-485A3231ADBD}.Debug|Any CPU.Build.0 = Debug|Any CPU
		{BE0B39DC-329B-4678-9A58-485A3231ADBD}.Debug|x64.ActiveCfg = Debug|Any CPU
		{BE0B39DC-329B-4678-9A58-485A3231ADBD}.Debug|x64.Build.0 = Debug|Any CPU
		{BE0B39DC-329B-4678-9A58-485A3231ADBD}.Debug|x86.ActiveCfg = Debug|Any CPU
		{BE0B39DC-329B-4678-9A58-485A3231ADBD}.Debug|x86.Build.0 = Debug|Any CPU
		{BE0B39DC-329B-4678-9A58-485A3231ADBD}.Release|Any CPU.ActiveCfg = Release|Any CPU
		{BE0B39DC-329B-4678-9A58-485A3231ADBD}.Release|Any CPU.Build.0 = Release|Any CPU
		{BE0B39DC-329B-4678-9A58-485A3231ADBD}.Release|x64.ActiveCfg = Release|Any CPU
		{BE0B39DC-329B-4678-9A58-485A3231ADBD}.Release|x64.Build.0 = Release|Any CPU
		{BE0B39DC-329B-4678-9A58-485A3231ADBD}.Release|x86.ActiveCfg = Release|Any CPU
		{BE0B39DC-329B-4678-9A58-485A3231ADBD}.Release|x86.Build.0 = Release|Any CPU
		{F4065B46-ECD6-485F-B9A3-BD5DFEE46527}.Debug|Any CPU.ActiveCfg = Debug|Any CPU
		{F4065B46-ECD6-485F-B9A3-BD5DFEE46527}.Debug|Any CPU.Build.0 = Debug|Any CPU
		{F4065B46-ECD6-485F-B9A3-BD5DFEE46527}.Debug|x64.ActiveCfg = Debug|Any CPU
		{F4065B46-ECD6-485F-B9A3-BD5DFEE46527}.Debug|x64.Build.0 = Debug|Any CPU
		{F4065B46-ECD6-485F-B9A3-BD5DFEE46527}.Debug|x86.ActiveCfg = Debug|Any CPU
		{F4065B46-ECD6-485F-B9A3-BD5DFEE46527}.Debug|x86.Build.0 = Debug|Any CPU
		{F4065B46-ECD6-485F-B9A3-BD5DFEE46527}.Release|Any CPU.ActiveCfg = Release|Any CPU
		{F4065B46-ECD6-485F-B9A3-BD5DFEE46527}.Release|Any CPU.Build.0 = Release|Any CPU
		{F4065B46-ECD6-485F-B9A3-BD5DFEE46527}.Release|x64.ActiveCfg = Release|Any CPU
		{F4065B46-ECD6-485F-B9A3-BD5DFEE46527}.Release|x64.Build.0 = Release|Any CPU
		{F4065B46-ECD6-485F-B9A3-BD5DFEE46527}.Release|x86.ActiveCfg = Release|Any CPU
		{F4065B46-ECD6-485F-B9A3-BD5DFEE46527}.Release|x86.Build.0 = Release|Any CPU
		{C8F918E6-C8CB-4958-91F4-5D45C948EADD}.Debug|Any CPU.ActiveCfg = Debug|Any CPU
		{C8F918E6-C8CB-4958-91F4-5D45C948EADD}.Debug|Any CPU.Build.0 = Debug|Any CPU
		{C8F918E6-C8CB-4958-91F4-5D45C948EADD}.Debug|x64.ActiveCfg = Debug|Any CPU
		{C8F918E6-C8CB-4958-91F4-5D45C948EADD}.Debug|x64.Build.0 = Debug|Any CPU
		{C8F918E6-C8CB-4958-91F4-5D45C948EADD}.Debug|x86.ActiveCfg = Debug|Any CPU
		{C8F918E6-C8CB-4958-91F4-5D45C948EADD}.Debug|x86.Build.0 = Debug|Any CPU
		{C8F918E6-C8CB-4958-91F4-5D45C948EADD}.Release|Any CPU.ActiveCfg = Release|Any CPU
		{C8F918E6-C8CB-4958-91F4-5D45C948EADD}.Release|Any CPU.Build.0 = Release|Any CPU
		{C8F918E6-C8CB-4958-91F4-5D45C948EADD}.Release|x64.ActiveCfg = Release|Any CPU
		{C8F918E6-C8CB-4958-91F4-5D45C948EADD}.Release|x64.Build.0 = Release|Any CPU
		{C8F918E6-C8CB-4958-91F4-5D45C948EADD}.Release|x86.ActiveCfg = Release|Any CPU
		{C8F918E6-C8CB-4958-91F4-5D45C948EADD}.Release|x86.Build.0 = Release|Any CPU
		{DE77ADB5-8B0B-41B8-A880-BAC06893BBD2}.Debug|Any CPU.ActiveCfg = Debug|Any CPU
		{DE77ADB5-8B0B-41B8-A880-BAC06893BBD2}.Debug|Any CPU.Build.0 = Debug|Any CPU
		{DE77ADB5-8B0B-41B8-A880-BAC06893BBD2}.Debug|x64.ActiveCfg = Debug|Any CPU
		{DE77ADB5-8B0B-41B8-A880-BAC06893BBD2}.Debug|x64.Build.0 = Debug|Any CPU
		{DE77ADB5-8B0B-41B8-A880-BAC06893BBD2}.Debug|x86.ActiveCfg = Debug|Any CPU
		{DE77ADB5-8B0B-41B8-A880-BAC06893BBD2}.Debug|x86.Build.0 = Debug|Any CPU
		{DE77ADB5-8B0B-41B8-A880-BAC06893BBD2}.Release|Any CPU.ActiveCfg = Release|Any CPU
		{DE77ADB5-8B0B-41B8-A880-BAC06893BBD2}.Release|Any CPU.Build.0 = Release|Any CPU
		{DE77ADB5-8B0B-41B8-A880-BAC06893BBD2}.Release|x64.ActiveCfg = Release|Any CPU
		{DE77ADB5-8B0B-41B8-A880-BAC06893BBD2}.Release|x64.Build.0 = Release|Any CPU
		{DE77ADB5-8B0B-41B8-A880-BAC06893BBD2}.Release|x86.ActiveCfg = Release|Any CPU
		{DE77ADB5-8B0B-41B8-A880-BAC06893BBD2}.Release|x86.Build.0 = Release|Any CPU
	EndGlobalSection
	GlobalSection(SolutionProperties) = preSolution
		HideSolutionNode = FALSE
	EndGlobalSection
	GlobalSection(NestedProjects) = preSolution
		{017F9789-1E11-40C0-B377-84E895E4F2DD} = {827E0CD3-B72D-47B6-A68D-7590B98EB39B}
		{591351CB-AC4B-42D7-8509-633D11B8BE90} = {827E0CD3-B72D-47B6-A68D-7590B98EB39B}
		{F1943198-C6DA-4892-AF4E-EDC2CA434DB2} = {827E0CD3-B72D-47B6-A68D-7590B98EB39B}
		{AF580AEB-2DDD-4D42-A41B-4B2D6D40B268} = {0C88DD14-F956-CE84-757C-A364CCF449FC}
		{09FB88BD-E81A-4C28-9D28-EABAA0A6C227} = {0C88DD14-F956-CE84-757C-A364CCF449FC}
		{BE0B39DC-329B-4678-9A58-485A3231ADBD} = {0C88DD14-F956-CE84-757C-A364CCF449FC}
		{F4065B46-ECD6-485F-B9A3-BD5DFEE46527} = {827E0CD3-B72D-47B6-A68D-7590B98EB39B}
		{C8F918E6-C8CB-4958-91F4-5D45C948EADD} = {827E0CD3-B72D-47B6-A68D-7590B98EB39B}
		{DE77ADB5-8B0B-41B8-A880-BAC06893BBD2} = {0C88DD14-F956-CE84-757C-A364CCF449FC}
	EndGlobalSection
EndGlobal
